
Microsoft Visual Studio Solution File, Format Version 12.00
# Visual Studio Version 16
VisualStudioVersion = 16.0.31613.86
MinimumVisualStudioVersion = 10.0.40219.1
Project("{FAE04EC0-301F-11D3-BF4B-00C04F79EFBC}") = "soru_1", "soru1\soru_1.csproj", "{ABEF0F4B-FB22-4188-B686-C12F7A41641B}"
EndProject
Project("{FAE04EC0-301F-11D3-BF4B-00C04F79EFBC}") = "soru_2", "soru_2\soru_2.csproj", "{B4CABDB0-AF44-46E6-A8AB-CE8B1BE9C234}"
EndProject
Project("{FAE04EC0-301F-11D3-BF4B-00C04F79EFBC}") = "soru_3", "soru_3\soru_3.csproj", "{A0A14803-8C10-450C-8370-3882B1EC09AA}"
EndProject
Project("{FAE04EC0-301F-11D3-BF4B-00C04F79EFBC}") = "soru_4", "soru_4\soru_4.csproj", "{54C7C919-3D70-412F-A6E3-8220F0F6D13F}"
EndProject
Project("{FAE04EC0-301F-11D3-BF4B-00C04F79EFBC}") = "soru_5", "soru_5\soru_5.csproj", "{7F23F969-06B7-458B-97C0-317DBCAE5AEE}"
EndProject
Global
	GlobalSection(SolutionConfigurationPlatforms) = preSolution
		Debug|Any CPU = Debug|Any CPU
		Release|Any CPU = Release|Any CPU
	EndGlobalSection
	GlobalSection(ProjectConfigurationPlatforms) = postSolution
		{ABEF0F4B-FB22-4188-B686-C12F7A41641B}.Debug|Any CPU.ActiveCfg = Debug|Any CPU
		{ABEF0F4B-FB22-4188-B686-C12F7A41641B}.Debug|Any CPU.Build.0 = Debug|Any CPU
		{ABEF0F4B-FB22-4188-B686-C12F7A41641B}.Release|Any CPU.ActiveCfg = Release|Any CPU
		{ABEF0F4B-FB22-4188-B686-C12F7A41641B}.Release|Any CPU.Build.0 = Release|Any CPU
		{B4CABDB0-AF44-46E6-A8AB-CE8B1BE9C234}.Debug|Any CPU.ActiveCfg = Debug|Any CPU
		{B4CABDB0-AF44-46E6-A8AB-CE8B1BE9C234}.Debug|Any CPU.Build.0 = Debug|Any CPU
		{B4CABDB0-AF44-46E6-A8AB-CE8B1BE9C234}.Release|Any CPU.ActiveCfg = Release|Any CPU
		{B4CABDB0-AF44-46E6-A8AB-CE8B1BE9C234}.Release|Any CPU.Build.0 = Release|Any CPU
		{A0A14803-8C10-450C-8370-3882B1EC09AA}.Debug|Any CPU.ActiveCfg = Debug|Any CPU
		{A0A14803-8C10-450C-8370-3882B1EC09AA}.Debug|Any CPU.Build.0 = Debug|Any CPU
		{A0A14803-8C10-450C-8370-3882B1EC09AA}.Release|Any CPU.ActiveCfg = Release|Any CPU
		{A0A14803-8C10-450C-8370-3882B1EC09AA}.Release|Any CPU.Build.0 = Release|Any CPU
		{54C7C919-3D70-412F-A6E3-8220F0F6D13F}.Debug|Any CPU.ActiveCfg = Debug|Any CPU
		{54C7C919-3D70-412F-A6E3-8220F0F6D13F}.Debug|Any CPU.Build.0 = Debug|Any CPU
		{54C7C919-3D70-412F-A6E3-8220F0F6D13F}.Release|Any CPU.ActiveCfg = Release|Any CPU
		{54C7C919-3D70-412F-A6E3-8220F0F6D13F}.Release|Any CPU.Build.0 = Release|Any CPU
		{7F23F969-06B7-458B-97C0-317DBCAE5AEE}.Debug|Any CPU.ActiveCfg = Debug|Any CPU
		{7F23F969-06B7-458B-97C0-317DBCAE5AEE}.Debug|Any CPU.Build.0 = Debug|Any CPU
		{7F23F969-06B7-458B-97C0-317DBCAE5AEE}.Release|Any CPU.ActiveCfg = Release|Any CPU
		{7F23F969-06B7-458B-97C0-317DBCAE5AEE}.Release|Any CPU.Build.0 = Release|Any CPU
	EndGlobalSection
	GlobalSection(SolutionProperties) = preSolution
		HideSolutionNode = FALSE
	EndGlobalSection
	GlobalSection(ExtensibilityGlobals) = postSolution
		SolutionGuid = {70853831-DFAC-452C-BDF0-920EC4DAE93D}
	EndGlobalSection
EndGlobal
